
Microsoft Visual Studio Solution File, Format Version 12.00
# Visual Studio Version 17
VisualStudioVersion = 17.12.35527.113 d17.12
MinimumVisualStudioVersion = 10.0.40219.1
Project("{FAE04EC0-301F-11D3-BF4B-00C04F79EFBC}") = "CafeManagement", "CafeManagement\CafeManagement.csproj", "{8CDDAD7F-B205-4DC9-87C2-E50A985A603C}"
EndProject
Project("{2150E333-8FDC-42A3-9474-1A3956D46DE8}") = "Core", "Core", "{8FA2D56D-FBA0-4AFF-83B4-CB318E113507}"
EndProject
Project("{FAE04EC0-301F-11D3-BF4B-00C04F79EFBC}") = "DomainLayer", "DomainLayer\DomainLayer.csproj", "{5999094D-E3F8-4A35-8BF7-584EAEED2CFE}"
EndProject
Project("{FAE04EC0-301F-11D3-BF4B-00C04F79EFBC}") = "Service", "Service\Service.csproj", "{A7519839-75DC-4B76-B831-3F81EAFBBC82}"
EndProject
Project("{FAE04EC0-301F-11D3-BF4B-00C04F79EFBC}") = "ServiceAbstraction", "ServiceAbstraction\ServiceAbstraction.csproj", "{4DFB372A-72C9-418B-8043-D83D8A596537}"
EndProject
Project("{2150E333-8FDC-42A3-9474-1A3956D46DE8}") = "Infrastructure", "Infrastructure", "{F9A2B431-49DC-42F9-B1FD-48321C84B74B}"
EndProject
Project("{FAE04EC0-301F-11D3-BF4B-00C04F79EFBC}") = "Persistence", "Persistence\Persistence.csproj", "{EA257523-2516-4C22-A248-D584435239B3}"
EndProject
Project("{FAE04EC0-301F-11D3-BF4B-00C04F79EFBC}") = "Presentation", "Presentation\Presentation.csproj", "{75AEB46F-93F5-4959-91C6-A530916BD7B1}"
EndProject
Project("{FAE04EC0-301F-11D3-BF4B-00C04F79EFBC}") = "Shared", "sHARED\Shared.csproj", "{ACE1799A-4629-4AC0-BEE7-B0E0F47EA4B2}"
EndProject
Global
	GlobalSection(SolutionConfigurationPlatforms) = preSolution
		Debug|Any CPU = Debug|Any CPU
		Release|Any CPU = Release|Any CPU
	EndGlobalSection
	GlobalSection(ProjectConfigurationPlatforms) = postSolution
		{8CDDAD7F-B205-4DC9-87C2-E50A985A603C}.Debug|Any CPU.ActiveCfg = Debug|Any CPU
		{8CDDAD7F-B205-4DC9-87C2-E50A985A603C}.Debug|Any CPU.Build.0 = Debug|Any CPU
		{8CDDAD7F-B205-4DC9-87C2-E50A985A603C}.Release|Any CPU.ActiveCfg = Release|Any CPU
		{8CDDAD7F-B205-4DC9-87C2-E50A985A603C}.Release|Any CPU.Build.0 = Release|Any CPU
		{5999094D-E3F8-4A35-8BF7-584EAEED2CFE}.Debug|Any CPU.ActiveCfg = Debug|Any CPU
		{5999094D-E3F8-4A35-8BF7-584EAEED2CFE}.Debug|Any CPU.Build.0 = Debug|Any CPU
		{5999094D-E3F8-4A35-8BF7-584EAEED2CFE}.Release|Any CPU.ActiveCfg = Release|Any CPU
		{5999094D-E3F8-4A35-8BF7-584EAEED2CFE}.Release|Any CPU.Build.0 = Release|Any CPU
		{A7519839-75DC-4B76-B831-3F81EAFBBC82}.Debug|Any CPU.ActiveCfg = Debug|Any CPU
		{A7519839-75DC-4B76-B831-3F81EAFBBC82}.Debug|Any CPU.Build.0 = Debug|Any CPU
		{A7519839-75DC-4B76-B831-3F81EAFBBC82}.Release|Any CPU.ActiveCfg = Release|Any CPU
		{A7519839-75DC-4B76-B831-3F81EAFBBC82}.Release|Any CPU.Build.0 = Release|Any CPU
		{4DFB372A-72C9-418B-8043-D83D8A596537}.Debug|Any CPU.ActiveCfg = Debug|Any CPU
		{4DFB372A-72C9-418B-8043-D83D8A596537}.Debug|Any CPU.Build.0 = Debug|Any CPU
		{4DFB372A-72C9-418B-8043-D83D8A596537}.Release|Any CPU.ActiveCfg = Release|Any CPU
		{4DFB372A-72C9-418B-8043-D83D8A596537}.Release|Any CPU.Build.0 = Release|Any CPU
		{EA257523-2516-4C22-A248-D584435239B3}.Debug|Any CPU.ActiveCfg = Debug|Any CPU
		{EA257523-2516-4C22-A248-D584435239B3}.Debug|Any CPU.Build.0 = Debug|Any CPU
		{EA257523-2516-4C22-A248-D584435239B3}.Release|Any CPU.ActiveCfg = Release|Any CPU
		{EA257523-2516-4C22-A248-D584435239B3}.Release|Any CPU.Build.0 = Release|Any CPU
		{75AEB46F-93F5-4959-91C6-A530916BD7B1}.Debug|Any CPU.ActiveCfg = Debug|Any CPU
		{75AEB46F-93F5-4959-91C6-A530916BD7B1}.Debug|Any CPU.Build.0 = Debug|Any CPU
		{75AEB46F-93F5-4959-91C6-A530916BD7B1}.Release|Any CPU.ActiveCfg = Release|Any CPU
		{75AEB46F-93F5-4959-91C6-A530916BD7B1}.Release|Any CPU.Build.0 = Release|Any CPU
		{ACE1799A-4629-4AC0-BEE7-B0E0F47EA4B2}.Debug|Any CPU.ActiveCfg = Debug|Any CPU
		{ACE1799A-4629-4AC0-BEE7-B0E0F47EA4B2}.Debug|Any CPU.Build.0 = Debug|Any CPU
		{ACE1799A-4629-4AC0-BEE7-B0E0F47EA4B2}.Release|Any CPU.ActiveCfg = Release|Any CPU
		{ACE1799A-4629-4AC0-BEE7-B0E0F47EA4B2}.Release|Any CPU.Build.0 = Release|Any CPU
	EndGlobalSection
	GlobalSection(SolutionProperties) = preSolution
		HideSolutionNode = FALSE
	EndGlobalSection
	GlobalSection(NestedProjects) = preSolution
		{5999094D-E3F8-4A35-8BF7-584EAEED2CFE} = {8FA2D56D-FBA0-4AFF-83B4-CB318E113507}
		{A7519839-75DC-4B76-B831-3F81EAFBBC82} = {8FA2D56D-FBA0-4AFF-83B4-CB318E113507}
		{4DFB372A-72C9-418B-8043-D83D8A596537} = {8FA2D56D-FBA0-4AFF-83B4-CB318E113507}
		{EA257523-2516-4C22-A248-D584435239B3} = {F9A2B431-49DC-42F9-B1FD-48321C84B74B}
		{75AEB46F-93F5-4959-91C6-A530916BD7B1} = {F9A2B431-49DC-42F9-B1FD-48321C84B74B}
	EndGlobalSection
EndGlobal
